// !$*UTF8*$!
{
	archiveVersion = 1;
	classes = {
	};
	objectVersion = 46;
	objects = {

/* Begin PBXBuildFile section */
		7631E9EA5039CF8EBBB657C8 /* libPods.a in Frameworks */ = {isa = PBXBuildFile; fileRef = 8CA3D7AF8F16432E1A2AE29E /* libPods.a */; };
		A06B84A91B520BD5000A122A /* main.m in Sources */ = {isa = PBXBuildFile; fileRef = A06B84A81B520BD5000A122A /* main.m */; };
		A06B84AC1B520BD5000A122A /* AppDelegate.m in Sources */ = {isa = PBXBuildFile; fileRef = A06B84AB1B520BD5000A122A /* AppDelegate.m */; };
		A06B84AF1B520BD5000A122A /* ViewController.m in Sources */ = {isa = PBXBuildFile; fileRef = A06B84AE1B520BD5000A122A /* ViewController.m */; };
		A06B84B21B520BD5000A122A /* Main.storyboard in Resources */ = {isa = PBXBuildFile; fileRef = A06B84B01B520BD5000A122A /* Main.storyboard */; };
		A06B84B41B520BD5000A122A /* Images.xcassets in Resources */ = {isa = PBXBuildFile; fileRef = A06B84B31B520BD5000A122A /* Images.xcassets */; };
		A06B84B71B520BD5000A122A /* LaunchScreen.xib in Resources */ = {isa = PBXBuildFile; fileRef = A06B84B51B520BD5000A122A /* LaunchScreen.xib */; };
		A06B84C31B520BD5000A122A /* WeiJu_OCTests.m in Sources */ = {isa = PBXBuildFile; fileRef = A06B84C21B520BD5000A122A /* WeiJu_OCTests.m */; };
/* End PBXBuildFile section */

/* Begin PBXContainerItemProxy section */
		A06B84BD1B520BD5000A122A /* PBXContainerItemProxy */ = {
			isa = PBXContainerItemProxy;
			containerPortal = A06B849B1B520BD5000A122A /* Project object */;
			proxyType = 1;
			remoteGlobalIDString = A06B84A21B520BD5000A122A;
			remoteInfo = "WeiJu-OC";
		};
/* End PBXContainerItemProxy section */

/* Begin PBXFileReference section */
		0B925F77FD3F6AD965039F65 /* Pods.release.xcconfig */ = {isa = PBXFileReference; includeInIndex = 1; lastKnownFileType = text.xcconfig; name = Pods.release.xcconfig; path = "Pods/Target Support Files/Pods/Pods.release.xcconfig"; sourceTree = "<group>"; };
		8CA3D7AF8F16432E1A2AE29E /* libPods.a */ = {isa = PBXFileReference; explicitFileType = archive.ar; includeInIndex = 0; path = libPods.a; sourceTree = BUILT_PRODUCTS_DIR; };
		9933885F06EA190E94887B08 /* Pods.debug.xcconfig */ = {isa = PBXFileReference; includeInIndex = 1; lastKnownFileType = text.xcconfig; name = Pods.debug.xcconfig; path = "Pods/Target Support Files/Pods/Pods.debug.xcconfig"; sourceTree = "<group>"; };
		A06B84A31B520BD5000A122A /* WeiJu-OC.app */ = {isa = PBXFileReference; explicitFileType = wrapper.application; includeInIndex = 0; path = "WeiJu-OC.app"; sourceTree = BUILT_PRODUCTS_DIR; };
		A06B84A71B520BD5000A122A /* Info.plist */ = {isa = PBXFileReference; lastKnownFileType = text.plist.xml; path = Info.plist; sourceTree = "<group>"; };
		A06B84A81B520BD5000A122A /* main.m */ = {isa = PBXFileReference; lastKnownFileType = sourcecode.c.objc; path = main.m; sourceTree = "<group>"; };
		A06B84AA1B520BD5000A122A /* AppDelegate.h */ = {isa = PBXFileReference; lastKnownFileType = sourcecode.c.h; path = AppDelegate.h; sourceTree = "<group>"; };
		A06B84AB1B520BD5000A122A /* AppDelegate.m */ = {isa = PBXFileReference; lastKnownFileType = sourcecode.c.objc; path = AppDelegate.m; sourceTree = "<group>"; };
		A06B84AD1B520BD5000A122A /* ViewController.h */ = {isa = PBXFileReference; lastKnownFileType = sourcecode.c.h; path = ViewController.h; sourceTree = "<group>"; };
		A06B84AE1B520BD5000A122A /* ViewController.m */ = {isa = PBXFileReference; lastKnownFileType = sourcecode.c.objc; path = ViewController.m; sourceTree = "<group>"; };
		A06B84B11B520BD5000A122A /* Base */ = {isa = PBXFileReference; lastKnownFileType = file.storyboard; name = Base; path = Base.lproj/Main.storyboard; sourceTree = "<group>"; };
		A06B84B31B520BD5000A122A /* Images.xcassets */ = {isa = PBXFileReference; lastKnownFileType = folder.assetcatalog; path = Images.xcassets; sourceTree = "<group>"; };
		A06B84B61B520BD5000A122A /* Base */ = {isa = PBXFileReference; lastKnownFileType = file.xib; name = Base; path = Base.lproj/LaunchScreen.xib; sourceTree = "<group>"; };
		A06B84BC1B520BD5000A122A /* WeiJu-OCTests.xctest */ = {isa = PBXFileReference; explicitFileType = wrapper.cfbundle; includeInIndex = 0; path = "WeiJu-OCTests.xctest"; sourceTree = BUILT_PRODUCTS_DIR; };
		A06B84C11B520BD5000A122A /* Info.plist */ = {isa = PBXFileReference; lastKnownFileType = text.plist.xml; path = Info.plist; sourceTree = "<group>"; };
		A06B84C21B520BD5000A122A /* WeiJu_OCTests.m */ = {isa = PBXFileReference; lastKnownFileType = sourcecode.c.objc; path = WeiJu_OCTests.m; sourceTree = "<group>"; };
/* End PBXFileReference section */

/* Begin PBXFrameworksBuildPhase section */
		A06B84A01B520BD5000A122A /* Frameworks */ = {
			isa = PBXFrameworksBuildPhase;
			buildActionMask = 2147483647;
			files = (
				7631E9EA5039CF8EBBB657C8 /* libPods.a in Frameworks */,
			);
			runOnlyForDeploymentPostprocessing = 0;
		};
		A06B84B91B520BD5000A122A /* Frameworks */ = {
			isa = PBXFrameworksBuildPhase;
			buildActionMask = 2147483647;
			files = (
			);
			runOnlyForDeploymentPostprocessing = 0;
		};
/* End PBXFrameworksBuildPhase section */

/* Begin PBXGroup section */
		A06B849A1B520BD5000A122A = {
			isa = PBXGroup;
			children = (
				A06B84A51B520BD5000A122A /* WeiJu-OC */,
				A06B84BF1B520BD5000A122A /* WeiJu-OCTests */,
				A06B84A41B520BD5000A122A /* Products */,
				CA6A097CB1DA4084A4513A11 /* Pods */,
				B00681A29E269C6FC76F07A2 /* Frameworks */,
			);
			sourceTree = "<group>";
		};
		A06B84A41B520BD5000A122A /* Products */ = {
			isa = PBXGroup;
			children = (
				A06B84A31B520BD5000A122A /* WeiJu-OC.app */,
				A06B84BC1B520BD5000A122A /* WeiJu-OCTests.xctest */,
			);
			name = Products;
			sourceTree = "<group>";
		};
		A06B84A51B520BD5000A122A /* WeiJu-OC */ = {
			isa = PBXGroup;
			children = (
				A06B84AA1B520BD5000A122A /* AppDelegate.h */,
				A06B84AB1B520BD5000A122A /* AppDelegate.m */,
				A06B84AD1B520BD5000A122A /* ViewController.h */,
				A06B84AE1B520BD5000A122A /* ViewController.m */,
				A06B84B01B520BD5000A122A /* Main.storyboard */,
				A06B84B31B520BD5000A122A /* Images.xcassets */,
				A06B84B51B520BD5000A122A /* LaunchScreen.xib */,
				A06B84A61B520BD5000A122A /* Supporting Files */,
			);
			path = "WeiJu-OC";
			sourceTree = "<group>";
		};
		A06B84A61B520BD5000A122A /* Supporting Files */ = {
			isa = PBXGroup;
			children = (
				A06B84A71B520BD5000A122A /* Info.plist */,
				A06B84A81B520BD5000A122A /* main.m */,
			);
			name = "Supporting Files";
			sourceTree = "<group>";
		};
		A06B84BF1B520BD5000A122A /* WeiJu-OCTests */ = {
			isa = PBXGroup;
			children = (
				A06B84C21B520BD5000A122A /* WeiJu_OCTests.m */,
				A06B84C01B520BD5000A122A /* Supporting Files */,
			);
			path = "WeiJu-OCTests";
			sourceTree = "<group>";
		};
		A06B84C01B520BD5000A122A /* Supporting Files */ = {
			isa = PBXGroup;
			children = (
				A06B84C11B520BD5000A122A /* Info.plist */,
			);
			name = "Supporting Files";
			sourceTree = "<group>";
		};
		B00681A29E269C6FC76F07A2 /* Frameworks */ = {
			isa = PBXGroup;
			children = (
				8CA3D7AF8F16432E1A2AE29E /* libPods.a */,
			);
			name = Frameworks;
			sourceTree = "<group>";
		};
		CA6A097CB1DA4084A4513A11 /* Pods */ = {
			isa = PBXGroup;
			children = (
				9933885F06EA190E94887B08 /* Pods.debug.xcconfig */,
				0B925F77FD3F6AD965039F65 /* Pods.release.xcconfig */,
			);
			name = Pods;
			sourceTree = "<group>";
		};
/* End PBXGroup section */

/* Begin PBXNativeTarget section */
		A06B84A21B520BD5000A122A /* WeiJu-OC */ = {
			isa = PBXNativeTarget;
			buildConfigurationList = A06B84C61B520BD5000A122A /* Build configuration list for PBXNativeTarget "WeiJu-OC" */;
			buildPhases = (
				07CBCE61F47C5F32C55361B8 /* Check Pods Manifest.lock */,
				A06B849F1B520BD5000A122A /* Sources */,
				A06B84A01B520BD5000A122A /* Frameworks */,
				A06B84A11B520BD5000A122A /* Resources */,
				79110017B65DD5A024598552 /* Copy Pods Resources */,
			);
			buildRules = (
			);
			dependencies = (
			);
			name = "WeiJu-OC";
			productName = "WeiJu-OC";
			productReference = A06B84A31B520BD5000A122A /* WeiJu-OC.app */;
			productType = "com.apple.product-type.application";
		};
		A06B84BB1B520BD5000A122A /* WeiJu-OCTests */ = {
			isa = PBXNativeTarget;
			buildConfigurationList = A06B84C91B520BD5000A122A /* Build configuration list for PBXNativeTarget "WeiJu-OCTests" */;
			buildPhases = (
				A06B84B81B520BD5000A122A /* Sources */,
				A06B84B91B520BD5000A122A /* Frameworks */,
				A06B84BA1B520BD5000A122A /* Resources */,
			);
			buildRules = (
			);
			dependencies = (
				A06B84BE1B520BD5000A122A /* PBXTargetDependency */,
			);
			name = "WeiJu-OCTests";
			productName = "WeiJu-OCTests";
			productReference = A06B84BC1B520BD5000A122A /* WeiJu-OCTests.xctest */;
			productType = "com.apple.product-type.bundle.unit-test";
		};
/* End PBXNativeTarget section */

/* Begin PBXProject section */
		A06B849B1B520BD5000A122A /* Project object */ = {
			isa = PBXProject;
			attributes = {
				LastUpgradeCheck = 0630;
				ORGANIZATIONNAME = tuotuode;
				TargetAttributes = {
					A06B84A21B520BD5000A122A = {
						CreatedOnToolsVersion = 6.3.2;
					};
					A06B84BB1B520BD5000A122A = {
						CreatedOnToolsVersion = 6.3.2;
						TestTargetID = A06B84A21B520BD5000A122A;
					};
				};
			};
			buildConfigurationList = A06B849E1B520BD5000A122A /* Build configuration list for PBXProject "WeiJu-OC" */;
			compatibilityVersion = "Xcode 3.2";
			developmentRegion = English;
			hasScannedForEncodings = 0;
			knownRegions = (
				en,
				Base,
			);
			mainGroup = A06B849A1B520BD5000A122A;
			productRefGroup = A06B84A41B520BD5000A122A /* Products */;
			projectDirPath = "";
			projectRoot = "";
			targets = (
				A06B84A21B520BD5000A122A /* WeiJu-OC */,
				A06B84BB1B520BD5000A122A /* WeiJu-OCTests */,
			);
		};
/* End PBXProject section */

/* Begin PBXResourcesBuildPhase section */
		A06B84A11B520BD5000A122A /* Resources */ = {
			isa = PBXResourcesBuildPhase;
			buildActionMask = 2147483647;
			files = (
				A06B84B21B520BD5000A122A /* Main.storyboard in Resources */,
				A06B84B71B520BD5000A122A /* LaunchScreen.xib in Resources */,
				A06B84B41B520BD5000A122A /* Images.xcassets in Resources */,
			);
			runOnlyForDeploymentPostprocessing = 0;
		};
		A06B84BA1B520BD5000A122A /* Resources */ = {
			isa = PBXResourcesBuildPhase;
			buildActionMask = 2147483647;
			files = (
			);
			runOnlyForDeploymentPostprocessing = 0;
		};
/* End PBXResourcesBuildPhase section */

/* Begin PBXShellScriptBuildPhase section */
		07CBCE61F47C5F32C55361B8 /* Check Pods Manifest.lock */ = {
			isa = PBXShellScriptBuildPhase;
			buildActionMask = 2147483647;
			files = (
			);
			inputPaths = (
			);
			name = "Check Pods Manifest.lock";
			outputPaths = (
			);
			runOnlyForDeploymentPostprocessing = 0;
			shellPath = /bin/sh;
			shellScript = "diff \"${PODS_ROOT}/../Podfile.lock\" \"${PODS_ROOT}/Manifest.lock\" > /dev/null\nif [[ $? != 0 ]] ; then\n    cat << EOM\nerror: The sandbox is not in sync with the Podfile.lock. Run 'pod install' or update your CocoaPods installation.\nEOM\n    exit 1\nfi\n";
			showEnvVarsInLog = 0;
		};
		79110017B65DD5A024598552 /* Copy Pods Resources */ = {
			isa = PBXShellScriptBuildPhase;
			buildActionMask = 2147483647;
			files = (
			);
			inputPaths = (
			);
			name = "Copy Pods Resources";
			outputPaths = (
			);
			runOnlyForDeploymentPostprocessing = 0;
			shellPath = /bin/sh;
			shellScript = "\"${SRCROOT}/Pods/Target Support Files/Pods/Pods-resources.sh\"\n";
			showEnvVarsInLog = 0;
		};
/* End PBXShellScriptBuildPhase section */

/* Begin PBXSourcesBuildPhase section */
		A06B849F1B520BD5000A122A /* Sources */ = {
			isa = PBXSourcesBuildPhase;
			buildActionMask = 2147483647;
			files = (
				A06B84AF1B520BD5000A122A /* ViewController.m in Sources */,
				A06B84AC1B520BD5000A122A /* AppDelegate.m in Sources */,
				A06B84A91B520BD5000A122A /* main.m in Sources */,
			);
			runOnlyForDeploymentPostprocessing = 0;
		};
		A06B84B81B520BD5000A122A /* Sources */ = {
			isa = PBXSourcesBuildPhase;
			buildActionMask = 2147483647;
			files = (
				A06B84C31B520BD5000A122A /* WeiJu_OCTests.m in Sources */,
			);
			runOnlyForDeploymentPostprocessing = 0;
		};
/* End PBXSourcesBuildPhase section */

/* Begin PBXTargetDependency section */
		A06B84BE1B520BD5000A122A /* PBXTargetDependency */ = {
			isa = PBXTargetDependency;
			target = A06B84A21B520BD5000A122A /* WeiJu-OC */;
			targetProxy = A06B84BD1B520BD5000A122A /* PBXContainerItemProxy */;
		};
/* End PBXTargetDependency section */

/* Begin PBXVariantGroup section */
		A06B84B01B520BD5000A122A /* Main.storyboard */ = {
			isa = PBXVariantGroup;
			children = (
				A06B84B11B520BD5000A122A /* Base */,
			);
			name = Main.storyboard;
			sourceTree = "<group>";
		};
		A06B84B51B520BD5000A122A /* LaunchScreen.xib */ = {
			isa = PBXVariantGroup;
			children = (
				A06B84B61B520BD5000A122A /* Base */,
			);
			name = LaunchScreen.xib;
			sourceTree = "<group>";
		};
/* End PBXVariantGroup section */

/* Begin XCBuildConfiguration section */
		A06B84C41B520BD5000A122A /* Debug */ = {
			isa = XCBuildConfiguration;
			buildSettings = {
				ALWAYS_SEARCH_USER_PATHS = NO;
				CLANG_CXX_LANGUAGE_STANDARD = "gnu++0x";
				CLANG_CXX_LIBRARY = "libc++";
				CLANG_ENABLE_MODULES = YES;
				CLANG_ENABLE_OBJC_ARC = YES;
				CLANG_WARN_BOOL_CONVERSION = YES;
				CLANG_WARN_CONSTANT_CONVERSION = YES;
				CLANG_WARN_DIRECT_OBJC_ISA_USAGE = YES_ERROR;
				CLANG_WARN_EMPTY_BODY = YES;
				CLANG_WARN_ENUM_CONVERSION = YES;
				CLANG_WARN_INT_CONVERSION = YES;
				CLANG_WARN_OBJC_ROOT_CLASS = YES_ERROR;
				CLANG_WARN_UNREACHABLE_CODE = YES;
				CLANG_WARN__DUPLICATE_METHOD_MATCH = YES;
				"CODE_SIGN_IDENTITY[sdk=iphoneos*]" = "iPhone Developer";
				COPY_PHASE_STRIP = NO;
				DEBUG_INFORMATION_FORMAT = "dwarf-with-dsym";
				ENABLE_STRICT_OBJC_MSGSEND = YES;
				GCC_C_LANGUAGE_STANDARD = gnu99;
				GCC_DYNAMIC_NO_PIC = NO;
				GCC_NO_COMMON_BLOCKS = YES;
				GCC_OPTIMIZATION_LEVEL = 0;
				GCC_PREPROCESSOR_DEFINITIONS = (
					"DEBUG=1",
					"$(inherited)",
				);
				GCC_SYMBOLS_PRIVATE_EXTERN = NO;
				GCC_WARN_64_TO_32_BIT_CONVERSION = YES;
				GCC_WARN_ABOUT_RETURN_TYPE = YES_ERROR;
				GCC_WARN_UNDECLARED_SELECTOR = YES;
				GCC_WARN_UNINITIALIZED_AUTOS = YES_AGGRESSIVE;
				GCC_WARN_UNUSED_FUNCTION = YES;
				GCC_WARN_UNUSED_VARIABLE = YES;
				IPHONEOS_DEPLOYMENT_TARGET = 8.3;
				MTL_ENABLE_DEBUG_INFO = YES;
				ONLY_ACTIVE_ARCH = YES;
				SDKROOT = iphoneos;
			};
			name = Debug;
		};
		A06B84C51B520BD5000A122A /* Release */ = {
			isa = XCBuildConfiguration;
			buildSettings = {
				ALWAYS_SEARCH_USER_PATHS = NO;
				CLANG_CXX_LANGUAGE_STANDARD = "gnu++0x";
				CLANG_CXX_LIBRARY = "libc++";
				CLANG_ENABLE_MODULES = YES;
				CLANG_ENABLE_OBJC_ARC = YES;
				CLANG_WARN_BOOL_CONVERSION = YES;
				CLANG_WARN_CONSTANT_CONVERSION = YES;
				CLANG_WARN_DIRECT_OBJC_ISA_USAGE = YES_ERROR;
				CLANG_WARN_EMPTY_BODY = YES;
				CLANG_WARN_ENUM_CONVERSION = YES;
				CLANG_WARN_INT_CONVERSION = YES;
				CLANG_WARN_OBJC_ROOT_CLASS = YES_ERROR;
				CLANG_WARN_UNREACHABLE_CODE = YES;
				CLANG_WARN__DUPLICATE_METHOD_MATCH = YES;
				"CODE_SIGN_IDENTITY[sdk=iphoneos*]" = "iPhone Developer";
				COPY_PHASE_STRIP = NO;
				DEBUG_INFORMATION_FORMAT = "dwarf-with-dsym";
				ENABLE_NS_ASSERTIONS = NO;
				ENABLE_STRICT_OBJC_MSGSEND = YES;
				GCC_C_LANGUAGE_STANDARD = gnu99;
				GCC_NO_COMMON_BLOCKS = YES;
				GCC_WARN_64_TO_32_BIT_CONVERSION = YES;
				GCC_WARN_ABOUT_RETURN_TYPE = YES_ERROR;
				GCC_WARN_UNDECLARED_SELECTOR = YES;
				GCC_WARN_UNINITIALIZED_AUTOS = YES_AGGRESSIVE;
				GCC_WARN_UNUSED_FUNCTION = YES;
				GCC_WARN_UNUSED_VARIABLE = YES;
				IPHONEOS_DEPLOYMENT_TARGET = 8.3;
				MTL_ENABLE_DEBUG_INFO = NO;
				SDKROOT = iphoneos;
				VALIDATE_PRODUCT = YES;
			};
			name = Release;
		};
		A06B84C71B520BD5000A122A /* Debug */ = {
			isa = XCBuildConfiguration;
			baseConfigurationReference = 9933885F06EA190E94887B08 /* Pods.debug.xcconfig */;
			buildSettings = {
				ASSETCATALOG_COMPILER_APPICON_NAME = AppIcon;
				INFOPLIST_FILE = "WeiJu-OC/Info.plist";
				IPHONEOS_DEPLOYMENT_TARGET = 7.0;
				LD_RUNPATH_SEARCH_PATHS = "$(inherited) @executable_path/Frameworks";
				PRODUCT_NAME = "$(TARGET_NAME)";
			};
			name = Debug;
		};
		A06B84C81B520BD5000A122A /* Release */ = {
			isa = XCBuildConfiguration;
			baseConfigurationReference = 0B925F77FD3F6AD965039F65 /* Pods.release.xcconfig */;
			buildSettings = {
				ASSETCATALOG_COMPILER_APPICON_NAME = AppIcon;
				INFOPLIST_FILE = "WeiJu-OC/Info.plist";
				IPHONEOS_DEPLOYMENT_TARGET = 7.0;
				LD_RUNPATH_SEARCH_PATHS = "$(inherited) @executable_path/Frameworks";
				PRODUCT_NAME = "$(TARGET_NAME)";
			};
			name = Release;
		};
		A06B84CA1B520BD5000A122A /* Debug */ = {
			isa = XCBuildConfiguration;
			buildSettings = {
				BUNDLE_LOADER = "$(TEST_HOST)";
				FRAMEWORK_SEARCH_PATHS = (
					"$(SDKROOT)/Developer/Library/Frameworks",
					"$(inherited)",
				);
				GCC_PREPROCESSOR_DEFINITIONS = (
					"DEBUG=1",
					"$(inherited)",
				);
				INFOPLIST_FILE = "WeiJu-OCTests/Info.plist";
				LD_RUNPATH_SEARCH_PATHS = "$(inherited) @executable_path/Frameworks @loader_path/Frameworks";
				PRODUCT_NAME = "$(TARGET_NAME)";
				TEST_HOST = "$(BUILT_PRODUCTS_DIR)/WeiJu-OC.app/WeiJu-OC";
			};
			name = Debug;
		};
		A06B84CB1B520BD5000A122A /* Release */ = {
			isa = XCBuildConfiguration;
			buildSettings = {
				BUNDLE_LOADER = "$(TEST_HOST)";
				FRAMEWORK_SEARCH_PATHS = (
					"$(SDKROOT)/Developer/Library/Frameworks",
					"$(inherited)",
				);
				INFOPLIST_FILE = "WeiJu-OCTests/Info.plist";
				LD_RUNPATH_SEARCH_PATHS = "$(inherited) @executable_path/Frameworks @loader_path/Frameworks";
				PRODUCT_NAME = "$(TARGET_NAME)";
				TEST_HOST = "$(BUILT_PRODUCTS_DIR)/WeiJu-OC.app/WeiJu-OC";
			};
			name = Release;
		};
/* End XCBuildConfiguration section */

/* Begin XCConfigurationList section */
		A06B849E1B520BD5000A122A /* Build configuration list for PBXProject "WeiJu-OC" */ = {
			isa = XCConfigurationList;
			buildConfigurations = (
				A06B84C41B520BD5000A122A /* Debug */,
				A06B84C51B520BD5000A122A /* Release */,
			);
			defaultConfigurationIsVisible = 0;
			defaultConfigurationName = Release;
		};
		A06B84C61B520BD5000A122A /* Build configuration list for PBXNativeTarget "WeiJu-OC" */ = {
			isa = XCConfigurationList;
			buildConfigurations = (
				A06B84C71B520BD5000A122A /* Debug */,
				A06B84C81B520BD5000A122A /* Release */,
			);
			defaultConfigurationIsVisible = 0;
			defaultConfigurationName = Release;
		};
		A06B84C91B520BD5000A122A /* Build configuration list for PBXNativeTarget "WeiJu-OCTests" */ = {
			isa = XCConfigurationList;
			buildConfigurations = (
				A06B84CA1B520BD5000A122A /* Debug */,
				A06B84CB1B520BD5000A122A /* Release */,
			);
			defaultConfigurationIsVisible = 0;
			defaultConfigurationName = Release;
		};
/* End XCConfigurationList section */
	};
	rootObject = A06B849B1B520BD5000A122A /* Project object */;
}
